{
  "requires": true,
  "lockfileVersion": 1,
  "dependencies": {
    "ngeohash": {
      "version": "0.6.0",
      "resolved": "https://registry.npmjs.org/ngeohash/-/ngeohash-0.6.0.tgz",
      "integrity": "sha1-MpcT6ec9HxpG2SqrC5StuUUz9oc="
    },
    "xmlhttprequest": {
      "version": "1.8.0",
      "resolved": "https://registry.npmjs.org/xmlhttprequest/-/xmlhttprequest-1.8.0.tgz",
      "integrity": "sha1-Z/4HXFwk/vOfnWX197f+dRcZaPw="
    }
  }
}
